
Microsoft Visual Studio Solution File, Format Version 12.00
# Visual Studio Version 17
VisualStudioVersion = 17.9.34723.18
MinimumVisualStudioVersion = 10.0.40219.1
Project("{FAE04EC0-301F-11D3-BF4B-00C04F79EFBC}") = "rsanchezT2", "rsanchezT2.csproj", "{CED8831E-6E7E-455D-9541-C2A6AD8573CA}"
EndProject
Global
	GlobalSection(SolutionConfigurationPlatforms) = preSolution
		Debug|Any CPU = Debug|Any CPU
		Release|Any CPU = Release|Any CPU
	EndGlobalSection
	GlobalSection(ProjectConfigurationPlatforms) = postSolution
		{CED8831E-6E7E-455D-9541-C2A6AD8573CA}.Debug|Any CPU.ActiveCfg = Debug|Any CPU
		{CED8831E-6E7E-455D-9541-C2A6AD8573CA}.Debug|Any CPU.Build.0 = Debug|Any CPU
		{CED8831E-6E7E-455D-9541-C2A6AD8573CA}.Debug|Any CPU.Deploy.0 = Debug|Any CPU
		{CED8831E-6E7E-455D-9541-C2A6AD8573CA}.Release|Any CPU.ActiveCfg = Release|Any CPU
		{CED8831E-6E7E-455D-9541-C2A6AD8573CA}.Release|Any CPU.Build.0 = Release|Any CPU
		{CED8831E-6E7E-455D-9541-C2A6AD8573CA}.Release|Any CPU.Deploy.0 = Release|Any CPU
	EndGlobalSection
	GlobalSection(SolutionProperties) = preSolution
		HideSolutionNode = FALSE
	EndGlobalSection
	GlobalSection(ExtensibilityGlobals) = postSolution
		SolutionGuid = {B2861E0E-52FE-4B47-A864-57222D642B60}
	EndGlobalSection
EndGlobal
